
Microsoft Visual Studio Solution File, Format Version 12.00
# Visual Studio 15
VisualStudioVersion = 15.0.27703.2026
MinimumVisualStudioVersion = 10.0.40219.1
Project("{8BC9CEB8-8B4A-11D0-8D11-00A0C91BC942}") = "Strukturen2", "Strukturen2\Strukturen2.vcxproj", "{F2FB151B-49EC-4750-82DD-7F5F0431E9B9}"
EndProject
Global
	GlobalSection(SolutionConfigurationPlatforms) = preSolution
		Debug|x64 = Debug|x64
		Debug|x86 = Debug|x86
		Release|x64 = Release|x64
		Release|x86 = Release|x86
	EndGlobalSection
	GlobalSection(ProjectConfigurationPlatforms) = postSolution
		{F2FB151B-49EC-4750-82DD-7F5F0431E9B9}.Debug|x64.ActiveCfg = Debug|x64
		{F2FB151B-49EC-4750-82DD-7F5F0431E9B9}.Debug|x64.Build.0 = Debug|x64
		{F2FB151B-49EC-4750-82DD-7F5F0431E9B9}.Debug|x86.ActiveCfg = Debug|Win32
		{F2FB151B-49EC-4750-82DD-7F5F0431E9B9}.Debug|x86.Build.0 = Debug|Win32
		{F2FB151B-49EC-4750-82DD-7F5F0431E9B9}.Release|x64.ActiveCfg = Release|x64
		{F2FB151B-49EC-4750-82DD-7F5F0431E9B9}.Release|x64.Build.0 = Release|x64
		{F2FB151B-49EC-4750-82DD-7F5F0431E9B9}.Release|x86.ActiveCfg = Release|Win32
		{F2FB151B-49EC-4750-82DD-7F5F0431E9B9}.Release|x86.Build.0 = Release|Win32
	EndGlobalSection
	GlobalSection(SolutionProperties) = preSolution
		HideSolutionNode = FALSE
	EndGlobalSection
	GlobalSection(ExtensibilityGlobals) = postSolution
		SolutionGuid = {E880C88F-32E0-476A-BFEC-DC017EF4C73D}
	EndGlobalSection
EndGlobal
